// !$*UTF8*$!
{
	archiveVersion = 1;
	classes = {
	};
	objectVersion = 50;
	objects = {

/* Begin PBXBuildFile section */
		170219D620EFCBB00072ADE0 /* DAFApplicationDelegate.mm in Sources */ = {isa = PBXBuildFile; fileRef = 170219D520EFCBB00072ADE0 /* DAFApplicationDelegate.mm */; };
		170219D920EFCBB00072ADE0 /* DAFViewController.mm in Sources */ = {isa = PBXBuildFile; fileRef = 170219D820EFCBB00072ADE0 /* DAFViewController.mm */; };
		170219DC20EFCBB00072ADE0 /* Main.storyboard in Resources */ = {isa = PBXBuildFile; fileRef = 170219DA20EFCBB00072ADE0 /* Main.storyboard */; };
		170219DF20EFCBB00072ADE0 /* LaunchScreen.storyboard in Resources */ = {isa = PBXBuildFile; fileRef = 170219DD20EFCBB00072ADE0 /* LaunchScreen.storyboard */; };
		170219E220EFCBB00072ADE0 /* main.mm in Sources */ = {isa = PBXBuildFile; fileRef = 170219E120EFCBB00072ADE0 /* main.mm */; };
		170219EB20EFCBB00072ADE0 /* DAFApplicationDelegate.mm in Sources */ = {isa = PBXBuildFile; fileRef = 170219EA20EFCBB00072ADE0 /* DAFApplicationDelegate.mm */; };
		170219EE20EFCBB00072ADE0 /* DAFViewController.mm in Sources */ = {isa = PBXBuildFile; fileRef = 170219ED20EFCBB00072ADE0 /* DAFViewController.mm */; };
		170219F120EFCBB00072ADE0 /* Main.storyboard in Resources */ = {isa = PBXBuildFile; fileRef = 170219EF20EFCBB00072ADE0 /* Main.storyboard */; };
		170219F420EFCBB00072ADE0 /* main.mm in Sources */ = {isa = PBXBuildFile; fileRef = 170219F320EFCBB00072ADE0 /* main.mm */; };
		170219F920EFCBB00072ADE0 /* Assets.xcassets in Resources */ = {isa = PBXBuildFile; fileRef = 170219CC20EFCBB00072ADE0 /* Assets.xcassets */; };
		170219FA20EFCBB00072ADE0 /* Assets.xcassets in Resources */ = {isa = PBXBuildFile; fileRef = 170219CC20EFCBB00072ADE0 /* Assets.xcassets */; };
		17021A0520EFD91A0072ADE0 /* UIKit.framework in Frameworks */ = {isa = PBXBuildFile; fileRef = 17021A0420EFD91A0072ADE0 /* UIKit.framework */; };
		17021A0720EFD9680072ADE0 /* AppKit.framework in Frameworks */ = {isa = PBXBuildFile; fileRef = 17021A0620EFD9680072ADE0 /* AppKit.framework */; };
		171F1FF420F96081001836F6 /* CoreMotion.framework in Frameworks */ = {isa = PBXBuildFile; fileRef = 171F1FF320F96081001836F6 /* CoreMotion.framework */; };
		1788CF0F20F00795004662AA /* CoreBluetooth.framework in Frameworks */ = {isa = PBXBuildFile; fileRef = 1788CF0E20F00795004662AA /* CoreBluetooth.framework */; };
		1788CF1120F007A0004662AA /* CoreBluetooth.framework in Frameworks */ = {isa = PBXBuildFile; fileRef = 1788CF1020F007A0004662AA /* CoreBluetooth.framework */; };
		1788CF1420F00BB9004662AA /* DAFPhouseClient.mm in Sources */ = {isa = PBXBuildFile; fileRef = 1788CF1320F00BB9004662AA /* DAFPhouseClient.mm */; };
		1788CF1720F00C1C004662AA /* DAFPhouseServer.mm in Sources */ = {isa = PBXBuildFile; fileRef = 1788CF1620F00C1C004662AA /* DAFPhouseServer.mm */; };
		1788CF1820F00C8E004662AA /* DAFPhouseClient.mm in Sources */ = {isa = PBXBuildFile; fileRef = 1788CF1320F00BB9004662AA /* DAFPhouseClient.mm */; };
		1788CF1920F00C8E004662AA /* DAFPhouseServer.mm in Sources */ = {isa = PBXBuildFile; fileRef = 1788CF1620F00C1C004662AA /* DAFPhouseServer.mm */; };
		1788D01B20F0118A004662AA /* DAFPhouseBase.mm in Sources */ = {isa = PBXBuildFile; fileRef = 1788D01A20F0118A004662AA /* DAFPhouseBase.mm */; };
		1788D01C20F01252004662AA /* DAFPhouseBase.mm in Sources */ = {isa = PBXBuildFile; fileRef = 1788D01A20F0118A004662AA /* DAFPhouseBase.mm */; };
		1788D01F20F42363004662AA /* DAFPhouseData.mm in Sources */ = {isa = PBXBuildFile; fileRef = 1788D01E20F42363004662AA /* DAFPhouseData.mm */; };
		1788D02120F42F7A004662AA /* DAFPhouseData.mm in Sources */ = {isa = PBXBuildFile; fileRef = 1788D01E20F42363004662AA /* DAFPhouseData.mm */; };
		17E6DEED20FE45D300CA99F8 /* CoreGraphics.framework in Frameworks */ = {isa = PBXBuildFile; fileRef = 17E6DEEC20FE45D300CA99F8 /* CoreGraphics.framework */; };
/* End PBXBuildFile section */

/* Begin PBXFileReference section */
		170219CC20EFCBB00072ADE0 /* Assets.xcassets */ = {isa = PBXFileReference; lastKnownFileType = folder.assetcatalog; path = Assets.xcassets; sourceTree = "<group>"; };
		170219D120EFCBB00072ADE0 /* Phouse.app */ = {isa = PBXFileReference; explicitFileType = wrapper.application; includeInIndex = 0; path = Phouse.app; sourceTree = BUILT_PRODUCTS_DIR; };
		170219D420EFCBB00072ADE0 /* DAFApplicationDelegate.h */ = {isa = PBXFileReference; lastKnownFileType = sourcecode.c.h; path = DAFApplicationDelegate.h; sourceTree = "<group>"; };
		170219D520EFCBB00072ADE0 /* DAFApplicationDelegate.mm */ = {isa = PBXFileReference; lastKnownFileType = sourcecode.cpp.objcpp; path = DAFApplicationDelegate.mm; sourceTree = "<group>"; };
		170219D720EFCBB00072ADE0 /* DAFViewController.h */ = {isa = PBXFileReference; lastKnownFileType = sourcecode.c.h; path = DAFViewController.h; sourceTree = "<group>"; };
		170219D820EFCBB00072ADE0 /* DAFViewController.mm */ = {isa = PBXFileReference; lastKnownFileType = sourcecode.cpp.objcpp; path = DAFViewController.mm; sourceTree = "<group>"; };
		170219DB20EFCBB00072ADE0 /* Base */ = {isa = PBXFileReference; lastKnownFileType = file.storyboard; name = Base; path = Base.lproj/Main.storyboard; sourceTree = "<group>"; };
		170219DE20EFCBB00072ADE0 /* Base */ = {isa = PBXFileReference; lastKnownFileType = file.storyboard; name = Base; path = Base.lproj/LaunchScreen.storyboard; sourceTree = "<group>"; };
		170219E020EFCBB00072ADE0 /* Info.plist */ = {isa = PBXFileReference; lastKnownFileType = text.plist.xml; path = Info.plist; sourceTree = "<group>"; };
		170219E120EFCBB00072ADE0 /* main.mm */ = {isa = PBXFileReference; lastKnownFileType = sourcecode.cpp.objcpp; path = main.mm; sourceTree = "<group>"; };
		170219E720EFCBB00072ADE0 /* Phouse.app */ = {isa = PBXFileReference; explicitFileType = wrapper.application; includeInIndex = 0; path = Phouse.app; sourceTree = BUILT_PRODUCTS_DIR; };
		170219E920EFCBB00072ADE0 /* DAFApplicationDelegate.h */ = {isa = PBXFileReference; lastKnownFileType = sourcecode.c.h; path = DAFApplicationDelegate.h; sourceTree = "<group>"; };
		170219EA20EFCBB00072ADE0 /* DAFApplicationDelegate.mm */ = {isa = PBXFileReference; lastKnownFileType = sourcecode.cpp.objcpp; path = DAFApplicationDelegate.mm; sourceTree = "<group>"; };
		170219EC20EFCBB00072ADE0 /* DAFViewController.h */ = {isa = PBXFileReference; lastKnownFileType = sourcecode.c.h; path = DAFViewController.h; sourceTree = "<group>"; };
		170219ED20EFCBB00072ADE0 /* DAFViewController.mm */ = {isa = PBXFileReference; lastKnownFileType = sourcecode.cpp.objcpp; path = DAFViewController.mm; sourceTree = "<group>"; };
		170219F020EFCBB00072ADE0 /* Base */ = {isa = PBXFileReference; lastKnownFileType = file.storyboard; name = Base; path = Base.lproj/Main.storyboard; sourceTree = "<group>"; };
		170219F220EFCBB00072ADE0 /* Info.plist */ = {isa = PBXFileReference; lastKnownFileType = text.plist.xml; path = Info.plist; sourceTree = "<group>"; };
		170219F320EFCBB00072ADE0 /* main.mm */ = {isa = PBXFileReference; lastKnownFileType = sourcecode.cpp.objcpp; path = main.mm; sourceTree = "<group>"; };
		17021A0420EFD91A0072ADE0 /* UIKit.framework */ = {isa = PBXFileReference; lastKnownFileType = wrapper.framework; name = UIKit.framework; path = Platforms/iPhoneOS.platform/Developer/SDKs/iPhoneOS11.4.sdk/System/Library/Frameworks/UIKit.framework; sourceTree = DEVELOPER_DIR; };
		17021A0620EFD9680072ADE0 /* AppKit.framework */ = {isa = PBXFileReference; lastKnownFileType = wrapper.framework; name = AppKit.framework; path = System/Library/Frameworks/AppKit.framework; sourceTree = SDKROOT; };
		17021A0820EFDE620072ADE0 /* Phouse.pch */ = {isa = PBXFileReference; lastKnownFileType = sourcecode.c.h; path = Phouse.pch; sourceTree = "<group>"; };
		17021A0920EFDF490072ADE0 /* Phouse.pch */ = {isa = PBXFileReference; lastKnownFileType = sourcecode.c.h; path = Phouse.pch; sourceTree = "<group>"; };
		171F1FF320F96081001836F6 /* CoreMotion.framework */ = {isa = PBXFileReference; lastKnownFileType = wrapper.framework; name = CoreMotion.framework; path = Platforms/iPhoneOS.platform/Developer/SDKs/iPhoneOS12.0.sdk/System/Library/Frameworks/CoreMotion.framework; sourceTree = DEVELOPER_DIR; };
		1788CF0E20F00795004662AA /* CoreBluetooth.framework */ = {isa = PBXFileReference; lastKnownFileType = wrapper.framework; name = CoreBluetooth.framework; path = Platforms/iPhoneOS.platform/Developer/SDKs/iPhoneOS11.4.sdk/System/Library/Frameworks/CoreBluetooth.framework; sourceTree = DEVELOPER_DIR; };
		1788CF1020F007A0004662AA /* CoreBluetooth.framework */ = {isa = PBXFileReference; lastKnownFileType = wrapper.framework; name = CoreBluetooth.framework; path = System/Library/Frameworks/CoreBluetooth.framework; sourceTree = SDKROOT; };
		1788CF1220F00BB9004662AA /* DAFPhouseClient.h */ = {isa = PBXFileReference; lastKnownFileType = sourcecode.c.h; path = DAFPhouseClient.h; sourceTree = "<group>"; };
		1788CF1320F00BB9004662AA /* DAFPhouseClient.mm */ = {isa = PBXFileReference; lastKnownFileType = sourcecode.cpp.objcpp; path = DAFPhouseClient.mm; sourceTree = "<group>"; };
		1788CF1520F00C1C004662AA /* DAFPhouseServer.h */ = {isa = PBXFileReference; lastKnownFileType = sourcecode.c.h; path = DAFPhouseServer.h; sourceTree = "<group>"; };
		1788CF1620F00C1C004662AA /* DAFPhouseServer.mm */ = {isa = PBXFileReference; lastKnownFileType = sourcecode.cpp.objcpp; path = DAFPhouseServer.mm; sourceTree = "<group>"; };
		1788D01920F0118A004662AA /* DAFPhouseBase.h */ = {isa = PBXFileReference; lastKnownFileType = sourcecode.c.h; path = DAFPhouseBase.h; sourceTree = "<group>"; };
		1788D01A20F0118A004662AA /* DAFPhouseBase.mm */ = {isa = PBXFileReference; lastKnownFileType = sourcecode.cpp.objcpp; path = DAFPhouseBase.mm; sourceTree = "<group>"; };
		1788D01D20F42363004662AA /* DAFPhouseData.h */ = {isa = PBXFileReference; lastKnownFileType = sourcecode.c.h; path = DAFPhouseData.h; sourceTree = "<group>"; };
		1788D01E20F42363004662AA /* DAFPhouseData.mm */ = {isa = PBXFileReference; lastKnownFileType = sourcecode.cpp.objcpp; path = DAFPhouseData.mm; sourceTree = "<group>"; };
		17E6DEEC20FE45D300CA99F8 /* CoreGraphics.framework */ = {isa = PBXFileReference; lastKnownFileType = wrapper.framework; name = CoreGraphics.framework; path = System/Library/Frameworks/CoreGraphics.framework; sourceTree = SDKROOT; };
/* End PBXFileReference section */

/* Begin PBXFrameworksBuildPhase section */
		170219CE20EFCBB00072ADE0 /* Frameworks */ = {
			isa = PBXFrameworksBuildPhase;
			buildActionMask = 2147483647;
			files = (
				1788CF0F20F00795004662AA /* CoreBluetooth.framework in Frameworks */,
				171F1FF420F96081001836F6 /* CoreMotion.framework in Frameworks */,
				17021A0520EFD91A0072ADE0 /* UIKit.framework in Frameworks */,
			);
			runOnlyForDeploymentPostprocessing = 0;
		};
		170219E420EFCBB00072ADE0 /* Frameworks */ = {
			isa = PBXFrameworksBuildPhase;
			buildActionMask = 2147483647;
			files = (
				17021A0720EFD9680072ADE0 /* AppKit.framework in Frameworks */,
				1788CF1120F007A0004662AA /* CoreBluetooth.framework in Frameworks */,
				17E6DEED20FE45D300CA99F8 /* CoreGraphics.framework in Frameworks */,
			);
			runOnlyForDeploymentPostprocessing = 0;
		};
/* End PBXFrameworksBuildPhase section */

/* Begin PBXGroup section */
		170219C320EFCBAE0072ADE0 = {
			isa = PBXGroup;
			children = (
				170219C820EFCBAF0072ADE0 /* Phouse Shared */,
				170219D320EFCBB00072ADE0 /* Phouse iOS */,
				170219E820EFCBB00072ADE0 /* Phouse macOS */,
				170219D220EFCBB00072ADE0 /* Products */,
				17021A0320EFD91A0072ADE0 /* Frameworks */,
			);
			sourceTree = "<group>";
		};
		170219C820EFCBAF0072ADE0 /* Phouse Shared */ = {
			isa = PBXGroup;
			children = (
				170219CC20EFCBB00072ADE0 /* Assets.xcassets */,
				1788D01920F0118A004662AA /* DAFPhouseBase.h */,
				1788D01A20F0118A004662AA /* DAFPhouseBase.mm */,
				1788CF1220F00BB9004662AA /* DAFPhouseClient.h */,
				1788CF1320F00BB9004662AA /* DAFPhouseClient.mm */,
				1788D01D20F42363004662AA /* DAFPhouseData.h */,
				1788D01E20F42363004662AA /* DAFPhouseData.mm */,
				1788CF1520F00C1C004662AA /* DAFPhouseServer.h */,
				1788CF1620F00C1C004662AA /* DAFPhouseServer.mm */,
			);
			path = "Phouse Shared";
			sourceTree = "<group>";
		};
		170219D220EFCBB00072ADE0 /* Products */ = {
			isa = PBXGroup;
			children = (
				170219D120EFCBB00072ADE0 /* Phouse.app */,
				170219E720EFCBB00072ADE0 /* Phouse.app */,
			);
			name = Products;
			sourceTree = "<group>";
		};
		170219D320EFCBB00072ADE0 /* Phouse iOS */ = {
			isa = PBXGroup;
			children = (
				170219E020EFCBB00072ADE0 /* Info.plist */,
				170219DD20EFCBB00072ADE0 /* LaunchScreen.storyboard */,
				170219E120EFCBB00072ADE0 /* main.mm */,
				170219DA20EFCBB00072ADE0 /* Main.storyboard */,
				17021A0820EFDE620072ADE0 /* Phouse.pch */,
				170219D420EFCBB00072ADE0 /* DAFApplicationDelegate.h */,
				170219D520EFCBB00072ADE0 /* DAFApplicationDelegate.mm */,
				170219D720EFCBB00072ADE0 /* DAFViewController.h */,
				170219D820EFCBB00072ADE0 /* DAFViewController.mm */,
			);
			path = "Phouse iOS";
			sourceTree = "<group>";
		};
		170219E820EFCBB00072ADE0 /* Phouse macOS */ = {
			isa = PBXGroup;
			children = (
				170219F220EFCBB00072ADE0 /* Info.plist */,
				170219F320EFCBB00072ADE0 /* main.mm */,
				170219EF20EFCBB00072ADE0 /* Main.storyboard */,
				17021A0920EFDF490072ADE0 /* Phouse.pch */,
				170219E920EFCBB00072ADE0 /* DAFApplicationDelegate.h */,
				170219EA20EFCBB00072ADE0 /* DAFApplicationDelegate.mm */,
				170219EC20EFCBB00072ADE0 /* DAFViewController.h */,
				170219ED20EFCBB00072ADE0 /* DAFViewController.mm */,
			);
			path = "Phouse macOS";
			sourceTree = "<group>";
		};
		17021A0320EFD91A0072ADE0 /* Frameworks */ = {
			isa = PBXGroup;
			children = (
				17021A0620EFD9680072ADE0 /* AppKit.framework */,
				17E6DEEC20FE45D300CA99F8 /* CoreGraphics.framework */,
				1788CF0E20F00795004662AA /* CoreBluetooth.framework */,
				1788CF1020F007A0004662AA /* CoreBluetooth.framework */,
				171F1FF320F96081001836F6 /* CoreMotion.framework */,
				17021A0420EFD91A0072ADE0 /* UIKit.framework */,
			);
			name = Frameworks;
			sourceTree = "<group>";
		};
/* End PBXGroup section */

/* Begin PBXNativeTarget section */
		170219D020EFCBB00072ADE0 /* Phouse iOS */ = {
			isa = PBXNativeTarget;
			buildConfigurationList = 170219FD20EFCBB00072ADE0 /* Build configuration list for PBXNativeTarget "Phouse iOS" */;
			buildPhases = (
				170219CD20EFCBB00072ADE0 /* Sources */,
				170219CE20EFCBB00072ADE0 /* Frameworks */,
				170219CF20EFCBB00072ADE0 /* Resources */,
			);
			buildRules = (
			);
			dependencies = (
			);
			name = "Phouse iOS";
			productName = "Phouse iOS";
			productReference = 170219D120EFCBB00072ADE0 /* Phouse.app */;
			productType = "com.apple.product-type.application";
		};
		170219E620EFCBB00072ADE0 /* Phouse macOS */ = {
			isa = PBXNativeTarget;
			buildConfigurationList = 17021A0020EFCBB00072ADE0 /* Build configuration list for PBXNativeTarget "Phouse macOS" */;
			buildPhases = (
				170219E320EFCBB00072ADE0 /* Sources */,
				170219E420EFCBB00072ADE0 /* Frameworks */,
				170219E520EFCBB00072ADE0 /* Resources */,
			);
			buildRules = (
			);
			dependencies = (
			);
			name = "Phouse macOS";
			productName = "Phouse macOS";
			productReference = 170219E720EFCBB00072ADE0 /* Phouse.app */;
			productType = "com.apple.product-type.application";
		};
/* End PBXNativeTarget section */

/* Begin PBXProject section */
		170219C420EFCBAE0072ADE0 /* Project object */ = {
			isa = PBXProject;
			attributes = {
				LastUpgradeCheck = 0940;
				ORGANIZATIONNAME = "David Flores";
				TargetAttributes = {
					170219D020EFCBB00072ADE0 = {
						CreatedOnToolsVersion = 9.4;
					};
					170219E620EFCBB00072ADE0 = {
						CreatedOnToolsVersion = 9.4;
					};
				};
			};
			buildConfigurationList = 170219C720EFCBAE0072ADE0 /* Build configuration list for PBXProject "Phouse" */;
			compatibilityVersion = "Xcode 9.3";
			developmentRegion = en;
			hasScannedForEncodings = 0;
			knownRegions = (
				en,
				Base,
			);
			mainGroup = 170219C320EFCBAE0072ADE0;
			productRefGroup = 170219D220EFCBB00072ADE0 /* Products */;
			projectDirPath = "";
			projectRoot = "";
			targets = (
				170219D020EFCBB00072ADE0 /* Phouse iOS */,
				170219E620EFCBB00072ADE0 /* Phouse macOS */,
			);
		};
/* End PBXProject section */

/* Begin PBXResourcesBuildPhase section */
		170219CF20EFCBB00072ADE0 /* Resources */ = {
			isa = PBXResourcesBuildPhase;
			buildActionMask = 2147483647;
			files = (
				170219DC20EFCBB00072ADE0 /* Main.storyboard in Resources */,
				170219DF20EFCBB00072ADE0 /* LaunchScreen.storyboard in Resources */,
				170219F920EFCBB00072ADE0 /* Assets.xcassets in Resources */,
			);
			runOnlyForDeploymentPostprocessing = 0;
		};
		170219E520EFCBB00072ADE0 /* Resources */ = {
			isa = PBXResourcesBuildPhase;
			buildActionMask = 2147483647;
			files = (
				170219F120EFCBB00072ADE0 /* Main.storyboard in Resources */,
				170219FA20EFCBB00072ADE0 /* Assets.xcassets in Resources */,
			);
			runOnlyForDeploymentPostprocessing = 0;
		};
/* End PBXResourcesBuildPhase section */

/* Begin PBXSourcesBuildPhase section */
		170219CD20EFCBB00072ADE0 /* Sources */ = {
			isa = PBXSourcesBuildPhase;
			buildActionMask = 2147483647;
			files = (
				170219E220EFCBB00072ADE0 /* main.mm in Sources */,
				170219D620EFCBB00072ADE0 /* DAFApplicationDelegate.mm in Sources */,
				1788D01B20F0118A004662AA /* DAFPhouseBase.mm in Sources */,
				1788CF1420F00BB9004662AA /* DAFPhouseClient.mm in Sources */,
				1788D01F20F42363004662AA /* DAFPhouseData.mm in Sources */,
				1788CF1720F00C1C004662AA /* DAFPhouseServer.mm in Sources */,
				170219D920EFCBB00072ADE0 /* DAFViewController.mm in Sources */,
			);
			runOnlyForDeploymentPostprocessing = 0;
		};
		170219E320EFCBB00072ADE0 /* Sources */ = {
			isa = PBXSourcesBuildPhase;
			buildActionMask = 2147483647;
			files = (
				170219F420EFCBB00072ADE0 /* main.mm in Sources */,
				170219EB20EFCBB00072ADE0 /* DAFApplicationDelegate.mm in Sources */,
				1788D01C20F01252004662AA /* DAFPhouseBase.mm in Sources */,
				1788CF1820F00C8E004662AA /* DAFPhouseClient.mm in Sources */,
				1788D02120F42F7A004662AA /* DAFPhouseData.mm in Sources */,
				1788CF1920F00C8E004662AA /* DAFPhouseServer.mm in Sources */,
				170219EE20EFCBB00072ADE0 /* DAFViewController.mm in Sources */,
			);
			runOnlyForDeploymentPostprocessing = 0;
		};
/* End PBXSourcesBuildPhase section */

/* Begin PBXVariantGroup section */
		170219DA20EFCBB00072ADE0 /* Main.storyboard */ = {
			isa = PBXVariantGroup;
			children = (
				170219DB20EFCBB00072ADE0 /* Base */,
			);
			name = Main.storyboard;
			sourceTree = "<group>";
		};
		170219DD20EFCBB00072ADE0 /* LaunchScreen.storyboard */ = {
			isa = PBXVariantGroup;
			children = (
				170219DE20EFCBB00072ADE0 /* Base */,
			);
			name = LaunchScreen.storyboard;
			sourceTree = "<group>";
		};
		170219EF20EFCBB00072ADE0 /* Main.storyboard */ = {
			isa = PBXVariantGroup;
			children = (
				170219F020EFCBB00072ADE0 /* Base */,
			);
			name = Main.storyboard;
			sourceTree = "<group>";
		};
/* End PBXVariantGroup section */

/* Begin XCBuildConfiguration section */
		170219FB20EFCBB00072ADE0 /* Debug */ = {
			isa = XCBuildConfiguration;
			buildSettings = {
				ALWAYS_SEARCH_USER_PATHS = NO;
				CLANG_ANALYZER_NONNULL = YES;
				CLANG_ANALYZER_NUMBER_OBJECT_CONVERSION = YES_AGGRESSIVE;
				CLANG_CXX_LANGUAGE_STANDARD = "gnu++14";
				CLANG_CXX_LIBRARY = "libc++";
				CLANG_ENABLE_MODULES = YES;
				CLANG_ENABLE_OBJC_ARC = YES;
				CLANG_ENABLE_OBJC_WEAK = YES;
				CLANG_WARN_BLOCK_CAPTURE_AUTORELEASING = YES;
				CLANG_WARN_BOOL_CONVERSION = YES;
				CLANG_WARN_COMMA = YES;
				CLANG_WARN_CONSTANT_CONVERSION = YES;
				CLANG_WARN_DEPRECATED_OBJC_IMPLEMENTATIONS = YES;
				CLANG_WARN_DIRECT_OBJC_ISA_USAGE = YES_ERROR;
				CLANG_WARN_DOCUMENTATION_COMMENTS = YES;
				CLANG_WARN_EMPTY_BODY = YES;
				CLANG_WARN_ENUM_CONVERSION = YES;
				CLANG_WARN_INFINITE_RECURSION = YES;
				CLANG_WARN_INT_CONVERSION = YES;
				CLANG_WARN_NON_LITERAL_NULL_CONVERSION = YES;
				CLANG_WARN_OBJC_IMPLICIT_RETAIN_SELF = YES;
				CLANG_WARN_OBJC_LITERAL_CONVERSION = YES;
				CLANG_WARN_OBJC_ROOT_CLASS = YES_ERROR;
				CLANG_WARN_RANGE_LOOP_ANALYSIS = YES;
				CLANG_WARN_STRICT_PROTOTYPES = YES;
				CLANG_WARN_SUSPICIOUS_MOVE = YES;
				CLANG_WARN_UNGUARDED_AVAILABILITY = YES_AGGRESSIVE;
				CLANG_WARN_UNREACHABLE_CODE = YES;
				CLANG_WARN__DUPLICATE_METHOD_MATCH = YES;
				COPY_PHASE_STRIP = NO;
				DEBUG_INFORMATION_FORMAT = dwarf;
				ENABLE_STRICT_OBJC_MSGSEND = YES;
				ENABLE_TESTABILITY = YES;
				GCC_C_LANGUAGE_STANDARD = gnu11;
				GCC_DYNAMIC_NO_PIC = NO;
				GCC_NO_COMMON_BLOCKS = YES;
				GCC_OPTIMIZATION_LEVEL = 0;
				GCC_PREPROCESSOR_DEFINITIONS = (
					"DEBUG=1",
					"$(inherited)",
				);
				GCC_WARN_64_TO_32_BIT_CONVERSION = YES;
				GCC_WARN_ABOUT_RETURN_TYPE = YES_ERROR;
				GCC_WARN_UNDECLARED_SELECTOR = YES;
				GCC_WARN_UNINITIALIZED_AUTOS = YES_AGGRESSIVE;
				GCC_WARN_UNUSED_FUNCTION = YES;
				GCC_WARN_UNUSED_VARIABLE = YES;
				MTL_ENABLE_DEBUG_INFO = YES;
				ONLY_ACTIVE_ARCH = YES;
			};
			name = Debug;
		};
		170219FC20EFCBB00072ADE0 /* Release */ = {
			isa = XCBuildConfiguration;
			buildSettings = {
				ALWAYS_SEARCH_USER_PATHS = NO;
				CLANG_ANALYZER_NONNULL = YES;
				CLANG_ANALYZER_NUMBER_OBJECT_CONVERSION = YES_AGGRESSIVE;
				CLANG_CXX_LANGUAGE_STANDARD = "gnu++14";
				CLANG_CXX_LIBRARY = "libc++";
				CLANG_ENABLE_MODULES = YES;
				CLANG_ENABLE_OBJC_ARC = YES;
				CLANG_ENABLE_OBJC_WEAK = YES;
				CLANG_WARN_BLOCK_CAPTURE_AUTORELEASING = YES;
				CLANG_WARN_BOOL_CONVERSION = YES;
				CLANG_WARN_COMMA = YES;
				CLANG_WARN_CONSTANT_CONVERSION = YES;
				CLANG_WARN_DEPRECATED_OBJC_IMPLEMENTATIONS = YES;
				CLANG_WARN_DIRECT_OBJC_ISA_USAGE = YES_ERROR;
				CLANG_WARN_DOCUMENTATION_COMMENTS = YES;
				CLANG_WARN_EMPTY_BODY = YES;
				CLANG_WARN_ENUM_CONVERSION = YES;
				CLANG_WARN_INFINITE_RECURSION = YES;
				CLANG_WARN_INT_CONVERSION = YES;
				CLANG_WARN_NON_LITERAL_NULL_CONVERSION = YES;
				CLANG_WARN_OBJC_IMPLICIT_RETAIN_SELF = YES;
				CLANG_WARN_OBJC_LITERAL_CONVERSION = YES;
				CLANG_WARN_OBJC_ROOT_CLASS = YES_ERROR;
				CLANG_WARN_RANGE_LOOP_ANALYSIS = YES;
				CLANG_WARN_STRICT_PROTOTYPES = YES;
				CLANG_WARN_SUSPICIOUS_MOVE = YES;
				CLANG_WARN_UNGUARDED_AVAILABILITY = YES_AGGRESSIVE;
				CLANG_WARN_UNREACHABLE_CODE = YES;
				CLANG_WARN__DUPLICATE_METHOD_MATCH = YES;
				COPY_PHASE_STRIP = NO;
				DEBUG_INFORMATION_FORMAT = "dwarf-with-dsym";
				ENABLE_NS_ASSERTIONS = NO;
				ENABLE_STRICT_OBJC_MSGSEND = YES;
				GCC_C_LANGUAGE_STANDARD = gnu11;
				GCC_NO_COMMON_BLOCKS = YES;
				GCC_WARN_64_TO_32_BIT_CONVERSION = YES;
				GCC_WARN_ABOUT_RETURN_TYPE = YES_ERROR;
				GCC_WARN_UNDECLARED_SELECTOR = YES;
				GCC_WARN_UNINITIALIZED_AUTOS = YES_AGGRESSIVE;
				GCC_WARN_UNUSED_FUNCTION = YES;
				GCC_WARN_UNUSED_VARIABLE = YES;
				MTL_ENABLE_DEBUG_INFO = NO;
			};
			name = Release;
		};
		170219FE20EFCBB00072ADE0 /* Debug */ = {
			isa = XCBuildConfiguration;
			buildSettings = {
				ASSETCATALOG_COMPILER_APPICON_NAME = AppIcon;
				CODE_SIGN_IDENTITY = "iPhone Developer";
				CODE_SIGN_STYLE = Automatic;
				DEVELOPMENT_TEAM = 9M229JAFBZ;
				GCC_PRECOMPILE_PREFIX_HEADER = YES;
				GCC_PREFIX_HEADER = "Phouse iOS/Phouse.pch";
				INFOPLIST_FILE = "Phouse iOS/Info.plist";
				IPHONEOS_DEPLOYMENT_TARGET = 11.0;
				LD_RUNPATH_SEARCH_PATHS = (
					"$(inherited)",
					"@executable_path/Frameworks",
				);
				PRODUCT_BUNDLE_IDENTIFIER = com.playingandsuffering.Phouse;
				PRODUCT_NAME = Phouse;
				SDKROOT = iphoneos;
				TARGETED_DEVICE_FAMILY = "1,2";
			};
			name = Debug;
		};
		170219FF20EFCBB00072ADE0 /* Release */ = {
			isa = XCBuildConfiguration;
			buildSettings = {
				ASSETCATALOG_COMPILER_APPICON_NAME = AppIcon;
				CODE_SIGN_IDENTITY = "iPhone Developer";
				CODE_SIGN_STYLE = Automatic;
				DEVELOPMENT_TEAM = 9M229JAFBZ;
				GCC_PRECOMPILE_PREFIX_HEADER = YES;
				GCC_PREFIX_HEADER = "Phouse iOS/Phouse.pch";
				INFOPLIST_FILE = "Phouse iOS/Info.plist";
				IPHONEOS_DEPLOYMENT_TARGET = 11.0;
				LD_RUNPATH_SEARCH_PATHS = (
					"$(inherited)",
					"@executable_path/Frameworks",
				);
				PRODUCT_BUNDLE_IDENTIFIER = com.playingandsuffering.Phouse;
				PRODUCT_NAME = Phouse;
				SDKROOT = iphoneos;
				TARGETED_DEVICE_FAMILY = "1,2";
				VALIDATE_PRODUCT = YES;
			};
			name = Release;
		};
		17021A0120EFCBB00072ADE0 /* Debug */ = {
			isa = XCBuildConfiguration;
			buildSettings = {
				ASSETCATALOG_COMPILER_APPICON_NAME = AppIcon;
				CODE_SIGN_IDENTITY = "-";
				CODE_SIGN_STYLE = Automatic;
				COMBINE_HIDPI_IMAGES = YES;
				DEVELOPMENT_TEAM = 9M229JAFBZ;
				GCC_PRECOMPILE_PREFIX_HEADER = YES;
				GCC_PREFIX_HEADER = "Phouse macOS/Phouse.pch";
				INFOPLIST_FILE = "Phouse macOS/Info.plist";
				LD_RUNPATH_SEARCH_PATHS = (
					"$(inherited)",
					"@executable_path/../Frameworks",
				);
				MACOSX_DEPLOYMENT_TARGET = 10.13;
				PRODUCT_BUNDLE_IDENTIFIER = com.playingandsuffering.Phouse;
				PRODUCT_NAME = Phouse;
				SDKROOT = macosx;
			};
			name = Debug;
		};
		17021A0220EFCBB00072ADE0 /* Release */ = {
			isa = XCBuildConfiguration;
			buildSettings = {
				ASSETCATALOG_COMPILER_APPICON_NAME = AppIcon;
				CODE_SIGN_IDENTITY = "-";
				CODE_SIGN_STYLE = Automatic;
				COMBINE_HIDPI_IMAGES = YES;
				DEVELOPMENT_TEAM = 9M229JAFBZ;
				GCC_PRECOMPILE_PREFIX_HEADER = YES;
				GCC_PREFIX_HEADER = "Phouse macOS/Phouse.pch";
				INFOPLIST_FILE = "Phouse macOS/Info.plist";
				LD_RUNPATH_SEARCH_PATHS = (
					"$(inherited)",
					"@executable_path/../Frameworks",
				);
				MACOSX_DEPLOYMENT_TARGET = 10.13;
				PRODUCT_BUNDLE_IDENTIFIER = com.playingandsuffering.Phouse;
				PRODUCT_NAME = Phouse;
				SDKROOT = macosx;
			};
			name = Release;
		};
/* End XCBuildConfiguration section */

/* Begin XCConfigurationList section */
		170219C720EFCBAE0072ADE0 /* Build configuration list for PBXProject "Phouse" */ = {
			isa = XCConfigurationList;
			buildConfigurations = (
				170219FB20EFCBB00072ADE0 /* Debug */,
				170219FC20EFCBB00072ADE0 /* Release */,
			);
			defaultConfigurationIsVisible = 0;
			defaultConfigurationName = Release;
		};
		170219FD20EFCBB00072ADE0 /* Build configuration list for PBXNativeTarget "Phouse iOS" */ = {
			isa = XCConfigurationList;
			buildConfigurations = (
				170219FE20EFCBB00072ADE0 /* Debug */,
				170219FF20EFCBB00072ADE0 /* Release */,
			);
			defaultConfigurationIsVisible = 0;
			defaultConfigurationName = Release;
		};
		17021A0020EFCBB00072ADE0 /* Build configuration list for PBXNativeTarget "Phouse macOS" */ = {
			isa = XCConfigurationList;
			buildConfigurations = (
				17021A0120EFCBB00072ADE0 /* Debug */,
				17021A0220EFCBB00072ADE0 /* Release */,
			);
			defaultConfigurationIsVisible = 0;
			defaultConfigurationName = Release;
		};
/* End XCConfigurationList section */
	};
	rootObject = 170219C420EFCBAE0072ADE0 /* Project object */;
}
